// !$*UTF8*$!
{
	archiveVersion = 1;
	classes = {
	};
	objectVersion = 56;
	objects = {

/* Begin PBXBuildFile section */
		B431816F2B739E9700AB1815 /* TrendingMoviesModel.swift in Sources */ = {isa = PBXBuildFile; fileRef = B431816E2B739E9700AB1815 /* TrendingMoviesModel.swift */; };
		B4385F072B6EA3CF00AA5240 /* AppDelegate.swift in Sources */ = {isa = PBXBuildFile; fileRef = B4385F062B6EA3CF00AA5240 /* AppDelegate.swift */; };
		B4385F102B6EA3D000AA5240 /* Assets.xcassets in Resources */ = {isa = PBXBuildFile; fileRef = B4385F0F2B6EA3D000AA5240 /* Assets.xcassets */; };
		B4385F132B6EA3D000AA5240 /* LaunchScreen.storyboard in Resources */ = {isa = PBXBuildFile; fileRef = B4385F112B6EA3D000AA5240 /* LaunchScreen.storyboard */; };
		B4385F1F2B6EA5E500AA5240 /* MainViewController.swift in Sources */ = {isa = PBXBuildFile; fileRef = B4385F1D2B6EA5E500AA5240 /* MainViewController.swift */; };
		B4385F202B6EA5E500AA5240 /* MainViewController.xib in Resources */ = {isa = PBXBuildFile; fileRef = B4385F1E2B6EA5E500AA5240 /* MainViewController.xib */; };
		B46366112B73978B002014B9 /* NetworkConstant.swift in Sources */ = {isa = PBXBuildFile; fileRef = B46366102B73978B002014B9 /* NetworkConstant.swift */; };
		B46366132B739B0B002014B9 /* APICaller.swift in Sources */ = {isa = PBXBuildFile; fileRef = B46366122B739B0B002014B9 /* APICaller.swift */; };
		B49A22A32B6EAC9F00381DD5 /* MainViewController+TableView.swift in Sources */ = {isa = PBXBuildFile; fileRef = B49A22A22B6EAC9F00381DD5 /* MainViewController+TableView.swift */; };
		B49A22A52B6EAE1D00381DD5 /* MainViewModel.swift in Sources */ = {isa = PBXBuildFile; fileRef = B49A22A42B6EAE1D00381DD5 /* MainViewModel.swift */; };
/* End PBXBuildFile section */

/* Begin PBXFileReference section */
		B431816E2B739E9700AB1815 /* TrendingMoviesModel.swift */ = {isa = PBXFileReference; lastKnownFileType = sourcecode.swift; path = TrendingMoviesModel.swift; sourceTree = "<group>"; };
		B4385F032B6EA3CF00AA5240 /* MovieApp-MVVM.app */ = {isa = PBXFileReference; explicitFileType = wrapper.application; includeInIndex = 0; path = "MovieApp-MVVM.app"; sourceTree = BUILT_PRODUCTS_DIR; };
		B4385F062B6EA3CF00AA5240 /* AppDelegate.swift */ = {isa = PBXFileReference; lastKnownFileType = sourcecode.swift; path = AppDelegate.swift; sourceTree = "<group>"; };
		B4385F0F2B6EA3D000AA5240 /* Assets.xcassets */ = {isa = PBXFileReference; lastKnownFileType = folder.assetcatalog; path = Assets.xcassets; sourceTree = "<group>"; };
		B4385F122B6EA3D000AA5240 /* Base */ = {isa = PBXFileReference; lastKnownFileType = file.storyboard; name = Base; path = Base.lproj/LaunchScreen.storyboard; sourceTree = "<group>"; };
		B4385F142B6EA3D000AA5240 /* Info.plist */ = {isa = PBXFileReference; lastKnownFileType = text.plist.xml; path = Info.plist; sourceTree = "<group>"; };
		B4385F1D2B6EA5E500AA5240 /* MainViewController.swift */ = {isa = PBXFileReference; lastKnownFileType = sourcecode.swift; path = MainViewController.swift; sourceTree = "<group>"; };
		B4385F1E2B6EA5E500AA5240 /* MainViewController.xib */ = {isa = PBXFileReference; lastKnownFileType = file.xib; path = MainViewController.xib; sourceTree = "<group>"; };
		B46366102B73978B002014B9 /* NetworkConstant.swift */ = {isa = PBXFileReference; lastKnownFileType = sourcecode.swift; path = NetworkConstant.swift; sourceTree = "<group>"; };
		B46366122B739B0B002014B9 /* APICaller.swift */ = {isa = PBXFileReference; lastKnownFileType = sourcecode.swift; path = APICaller.swift; sourceTree = "<group>"; };
		B49A22A22B6EAC9F00381DD5 /* MainViewController+TableView.swift */ = {isa = PBXFileReference; lastKnownFileType = sourcecode.swift; path = "MainViewController+TableView.swift"; sourceTree = "<group>"; };
		B49A22A42B6EAE1D00381DD5 /* MainViewModel.swift */ = {isa = PBXFileReference; lastKnownFileType = sourcecode.swift; path = MainViewModel.swift; sourceTree = "<group>"; };
/* End PBXFileReference section */

/* Begin PBXFrameworksBuildPhase section */
		B4385F002B6EA3CF00AA5240 /* Frameworks */ = {
			isa = PBXFrameworksBuildPhase;
			buildActionMask = 2147483647;
			files = (
			);
			runOnlyForDeploymentPostprocessing = 0;
		};
/* End PBXFrameworksBuildPhase section */

/* Begin PBXGroup section */
		B4385EFA2B6EA3CF00AA5240 = {
			isa = PBXGroup;
			children = (
				B4385F052B6EA3CF00AA5240 /* MovieApp-MVVM */,
				B4385F042B6EA3CF00AA5240 /* Products */,
			);
			sourceTree = "<group>";
		};
		B4385F042B6EA3CF00AA5240 /* Products */ = {
			isa = PBXGroup;
			children = (
				B4385F032B6EA3CF00AA5240 /* MovieApp-MVVM.app */,
			);
			name = Products;
			sourceTree = "<group>";
		};
		B4385F052B6EA3CF00AA5240 /* MovieApp-MVVM */ = {
			isa = PBXGroup;
			children = (
				B4385F282B6EA85800AA5240 /* Networking */,
				B4385F272B6EA84600AA5240 /* Extensions */,
				B4385F262B6EA83200AA5240 /* Resources */,
				B4385F252B6EA82100AA5240 /* Classes */,
				B4385F242B6EA81B00AA5240 /* Model */,
				B4385F232B6EA81200AA5240 /* Controllers */,
				B4385F222B6EA80900AA5240 /* ViewModel */,
				B4385F212B6EA7FE00AA5240 /* View */,
				B4385F062B6EA3CF00AA5240 /* AppDelegate.swift */,
				B4385F142B6EA3D000AA5240 /* Info.plist */,
			);
			path = "MovieApp-MVVM";
			sourceTree = "<group>";
		};
		B4385F1A2B6EA5B600AA5240 /* MainViewController */ = {
			isa = PBXGroup;
			children = (
				B4385F1D2B6EA5E500AA5240 /* MainViewController.swift */,
				B4385F1E2B6EA5E500AA5240 /* MainViewController.xib */,
				B49A22A22B6EAC9F00381DD5 /* MainViewController+TableView.swift */,
			);
			path = MainViewController;
			sourceTree = "<group>";
		};
		B4385F212B6EA7FE00AA5240 /* View */ = {
			isa = PBXGroup;
			children = (
				B4385F112B6EA3D000AA5240 /* LaunchScreen.storyboard */,
			);
			path = View;
			sourceTree = "<group>";
		};
		B4385F222B6EA80900AA5240 /* ViewModel */ = {
			isa = PBXGroup;
			children = (
				B49A22A42B6EAE1D00381DD5 /* MainViewModel.swift */,
			);
			path = ViewModel;
			sourceTree = "<group>";
		};
		B4385F232B6EA81200AA5240 /* Controllers */ = {
			isa = PBXGroup;
			children = (
				B4385F1A2B6EA5B600AA5240 /* MainViewController */,
			);
			path = Controllers;
			sourceTree = "<group>";
		};
		B4385F242B6EA81B00AA5240 /* Model */ = {
			isa = PBXGroup;
			children = (
				B431816E2B739E9700AB1815 /* TrendingMoviesModel.swift */,
			);
			path = Model;
			sourceTree = "<group>";
		};
		B4385F252B6EA82100AA5240 /* Classes */ = {
			isa = PBXGroup;
			children = (
			);
			path = Classes;
			sourceTree = "<group>";
		};
		B4385F262B6EA83200AA5240 /* Resources */ = {
			isa = PBXGroup;
			children = (
				B4385F0F2B6EA3D000AA5240 /* Assets.xcassets */,
			);
			path = Resources;
			sourceTree = "<group>";
		};
		B4385F272B6EA84600AA5240 /* Extensions */ = {
			isa = PBXGroup;
			children = (
			);
			path = Extensions;
			sourceTree = "<group>";
		};
		B4385F282B6EA85800AA5240 /* Networking */ = {
			isa = PBXGroup;
			children = (
				B46366102B73978B002014B9 /* NetworkConstant.swift */,
				B46366122B739B0B002014B9 /* APICaller.swift */,
			);
			path = Networking;
			sourceTree = "<group>";
		};
/* End PBXGroup section */

/* Begin PBXNativeTarget section */
		B4385F022B6EA3CF00AA5240 /* MovieApp-MVVM */ = {
			isa = PBXNativeTarget;
			buildConfigurationList = B4385F172B6EA3D000AA5240 /* Build configuration list for PBXNativeTarget "MovieApp-MVVM" */;
			buildPhases = (
				B4385EFF2B6EA3CF00AA5240 /* Sources */,
				B4385F002B6EA3CF00AA5240 /* Frameworks */,
				B4385F012B6EA3CF00AA5240 /* Resources */,
			);
			buildRules = (
			);
			dependencies = (
			);
			name = "MovieApp-MVVM";
			productName = "MovieApp-MVVM";
			productReference = B4385F032B6EA3CF00AA5240 /* MovieApp-MVVM.app */;
			productType = "com.apple.product-type.application";
		};
/* End PBXNativeTarget section */

/* Begin PBXProject section */
		B4385EFB2B6EA3CF00AA5240 /* Project object */ = {
			isa = PBXProject;
			attributes = {
				BuildIndependentTargetsInParallel = 1;
				LastSwiftUpdateCheck = 1500;
				LastUpgradeCheck = 1500;
				TargetAttributes = {
					B4385F022B6EA3CF00AA5240 = {
						CreatedOnToolsVersion = 15.0.1;
					};
				};
			};
			buildConfigurationList = B4385EFE2B6EA3CF00AA5240 /* Build configuration list for PBXProject "MovieApp-MVVM" */;
			compatibilityVersion = "Xcode 14.0";
			developmentRegion = en;
			hasScannedForEncodings = 0;
			knownRegions = (
				en,
				Base,
			);
			mainGroup = B4385EFA2B6EA3CF00AA5240;
			productRefGroup = B4385F042B6EA3CF00AA5240 /* Products */;
			projectDirPath = "";
			projectRoot = "";
			targets = (
				B4385F022B6EA3CF00AA5240 /* MovieApp-MVVM */,
			);
		};
/* End PBXProject section */

/* Begin PBXResourcesBuildPhase section */
		B4385F012B6EA3CF00AA5240 /* Resources */ = {
			isa = PBXResourcesBuildPhase;
			buildActionMask = 2147483647;
			files = (
				B4385F132B6EA3D000AA5240 /* LaunchScreen.storyboard in Resources */,
				B4385F202B6EA5E500AA5240 /* MainViewController.xib in Resources */,
				B4385F102B6EA3D000AA5240 /* Assets.xcassets in Resources */,
			);
			runOnlyForDeploymentPostprocessing = 0;
		};
/* End PBXResourcesBuildPhase section */

/* Begin PBXSourcesBuildPhase section */
		B4385EFF2B6EA3CF00AA5240 /* Sources */ = {
			isa = PBXSourcesBuildPhase;
			buildActionMask = 2147483647;
			files = (
				B4385F072B6EA3CF00AA5240 /* AppDelegate.swift in Sources */,
				B46366132B739B0B002014B9 /* APICaller.swift in Sources */,
				B49A22A32B6EAC9F00381DD5 /* MainViewController+TableView.swift in Sources */,
				B4385F1F2B6EA5E500AA5240 /* MainViewController.swift in Sources */,
				B46366112B73978B002014B9 /* NetworkConstant.swift in Sources */,
				B49A22A52B6EAE1D00381DD5 /* MainViewModel.swift in Sources */,
				B431816F2B739E9700AB1815 /* TrendingMoviesModel.swift in Sources */,
			);
			runOnlyForDeploymentPostprocessing = 0;
		};
/* End PBXSourcesBuildPhase section */

/* Begin PBXVariantGroup section */
		B4385F112B6EA3D000AA5240 /* LaunchScreen.storyboard */ = {
			isa = PBXVariantGroup;
			children = (
				B4385F122B6EA3D000AA5240 /* Base */,
			);
			name = LaunchScreen.storyboard;
			sourceTree = "<group>";
		};
/* End PBXVariantGroup section */

/* Begin XCBuildConfiguration section */
		B4385F152B6EA3D000AA5240 /* Debug */ = {
			isa = XCBuildConfiguration;
			buildSettings = {
				ALWAYS_SEARCH_USER_PATHS = NO;
				ASSETCATALOG_COMPILER_GENERATE_SWIFT_ASSET_SYMBOL_EXTENSIONS = YES;
				CLANG_ANALYZER_NONNULL = YES;
				CLANG_ANALYZER_NUMBER_OBJECT_CONVERSION = YES_AGGRESSIVE;
				CLANG_CXX_LANGUAGE_STANDARD = "gnu++20";
				CLANG_ENABLE_MODULES = YES;
				CLANG_ENABLE_OBJC_ARC = YES;
				CLANG_ENABLE_OBJC_WEAK = YES;
				CLANG_WARN_BLOCK_CAPTURE_AUTORELEASING = YES;
				CLANG_WARN_BOOL_CONVERSION = YES;
				CLANG_WARN_COMMA = YES;
				CLANG_WARN_CONSTANT_CONVERSION = YES;
				CLANG_WARN_DEPRECATED_OBJC_IMPLEMENTATIONS = YES;
				CLANG_WARN_DIRECT_OBJC_ISA_USAGE = YES_ERROR;
				CLANG_WARN_DOCUMENTATION_COMMENTS = YES;
				CLANG_WARN_EMPTY_BODY = YES;
				CLANG_WARN_ENUM_CONVERSION = YES;
				CLANG_WARN_INFINITE_RECURSION = YES;
				CLANG_WARN_INT_CONVERSION = YES;
				CLANG_WARN_NON_LITERAL_NULL_CONVERSION = YES;
				CLANG_WARN_OBJC_IMPLICIT_RETAIN_SELF = YES;
				CLANG_WARN_OBJC_LITERAL_CONVERSION = YES;
				CLANG_WARN_OBJC_ROOT_CLASS = YES_ERROR;
				CLANG_WARN_QUOTED_INCLUDE_IN_FRAMEWORK_HEADER = YES;
				CLANG_WARN_RANGE_LOOP_ANALYSIS = YES;
				CLANG_WARN_STRICT_PROTOTYPES = YES;
				CLANG_WARN_SUSPICIOUS_MOVE = YES;
				CLANG_WARN_UNGUARDED_AVAILABILITY = YES_AGGRESSIVE;
				CLANG_WARN_UNREACHABLE_CODE = YES;
				CLANG_WARN__DUPLICATE_METHOD_MATCH = YES;
				COPY_PHASE_STRIP = NO;
				DEBUG_INFORMATION_FORMAT = dwarf;
				ENABLE_STRICT_OBJC_MSGSEND = YES;
				ENABLE_TESTABILITY = YES;
				ENABLE_USER_SCRIPT_SANDBOXING = YES;
				GCC_C_LANGUAGE_STANDARD = gnu17;
				GCC_DYNAMIC_NO_PIC = NO;
				GCC_NO_COMMON_BLOCKS = YES;
				GCC_OPTIMIZATION_LEVEL = 0;
				GCC_PREPROCESSOR_DEFINITIONS = (
					"DEBUG=1",
					"$(inherited)",
				);
				GCC_WARN_64_TO_32_BIT_CONVERSION = YES;
				GCC_WARN_ABOUT_RETURN_TYPE = YES_ERROR;
				GCC_WARN_UNDECLARED_SELECTOR = YES;
				GCC_WARN_UNINITIALIZED_AUTOS = YES_AGGRESSIVE;
				GCC_WARN_UNUSED_FUNCTION = YES;
				GCC_WARN_UNUSED_VARIABLE = YES;
				IPHONEOS_DEPLOYMENT_TARGET = 17.0;
				LOCALIZATION_PREFERS_STRING_CATALOGS = YES;
				MTL_ENABLE_DEBUG_INFO = INCLUDE_SOURCE;
				MTL_FAST_MATH = YES;
				ONLY_ACTIVE_ARCH = YES;
				SDKROOT = iphoneos;
				SWIFT_ACTIVE_COMPILATION_CONDITIONS = "DEBUG $(inherited)";
				SWIFT_OPTIMIZATION_LEVEL = "-Onone";
			};
			name = Debug;
		};
		B4385F162B6EA3D000AA5240 /* Release */ = {
			isa = XCBuildConfiguration;
			buildSettings = {
				ALWAYS_SEARCH_USER_PATHS = NO;
				ASSETCATALOG_COMPILER_GENERATE_SWIFT_ASSET_SYMBOL_EXTENSIONS = YES;
				CLANG_ANALYZER_NONNULL = YES;
				CLANG_ANALYZER_NUMBER_OBJECT_CONVERSION = YES_AGGRESSIVE;
				CLANG_CXX_LANGUAGE_STANDARD = "gnu++20";
				CLANG_ENABLE_MODULES = YES;
				CLANG_ENABLE_OBJC_ARC = YES;
				CLANG_ENABLE_OBJC_WEAK = YES;
				CLANG_WARN_BLOCK_CAPTURE_AUTORELEASING = YES;
				CLANG_WARN_BOOL_CONVERSION = YES;
				CLANG_WARN_COMMA = YES;
				CLANG_WARN_CONSTANT_CONVERSION = YES;
				CLANG_WARN_DEPRECATED_OBJC_IMPLEMENTATIONS = YES;
				CLANG_WARN_DIRECT_OBJC_ISA_USAGE = YES_ERROR;
				CLANG_WARN_DOCUMENTATION_COMMENTS = YES;
				CLANG_WARN_EMPTY_BODY = YES;
				CLANG_WARN_ENUM_CONVERSION = YES;
				CLANG_WARN_INFINITE_RECURSION = YES;
				CLANG_WARN_INT_CONVERSION = YES;
				CLANG_WARN_NON_LITERAL_NULL_CONVERSION = YES;
				CLANG_WARN_OBJC_IMPLICIT_RETAIN_SELF = YES;
				CLANG_WARN_OBJC_LITERAL_CONVERSION = YES;
				CLANG_WARN_OBJC_ROOT_CLASS = YES_ERROR;
				CLANG_WARN_QUOTED_INCLUDE_IN_FRAMEWORK_HEADER = YES;
				CLANG_WARN_RANGE_LOOP_ANALYSIS = YES;
				CLANG_WARN_STRICT_PROTOTYPES = YES;
				CLANG_WARN_SUSPICIOUS_MOVE = YES;
				CLANG_WARN_UNGUARDED_AVAILABILITY = YES_AGGRESSIVE;
				CLANG_WARN_UNREACHABLE_CODE = YES;
				CLANG_WARN__DUPLICATE_METHOD_MATCH = YES;
				COPY_PHASE_STRIP = NO;
				DEBUG_INFORMATION_FORMAT = "dwarf-with-dsym";
				ENABLE_NS_ASSERTIONS = NO;
				ENABLE_STRICT_OBJC_MSGSEND = YES;
				ENABLE_USER_SCRIPT_SANDBOXING = YES;
				GCC_C_LANGUAGE_STANDARD = gnu17;
				GCC_NO_COMMON_BLOCKS = YES;
				GCC_WARN_64_TO_32_BIT_CONVERSION = YES;
				GCC_WARN_ABOUT_RETURN_TYPE = YES_ERROR;
				GCC_WARN_UNDECLARED_SELECTOR = YES;
				GCC_WARN_UNINITIALIZED_AUTOS = YES_AGGRESSIVE;
				GCC_WARN_UNUSED_FUNCTION = YES;
				GCC_WARN_UNUSED_VARIABLE = YES;
				IPHONEOS_DEPLOYMENT_TARGET = 17.0;
				LOCALIZATION_PREFERS_STRING_CATALOGS = YES;
				MTL_ENABLE_DEBUG_INFO = NO;
				MTL_FAST_MATH = YES;
				SDKROOT = iphoneos;
				SWIFT_COMPILATION_MODE = wholemodule;
				VALIDATE_PRODUCT = YES;
			};
			name = Release;
		};
		B4385F182B6EA3D000AA5240 /* Debug */ = {
			isa = XCBuildConfiguration;
			buildSettings = {
				ASSETCATALOG_COMPILER_APPICON_NAME = AppIcon;
				ASSETCATALOG_COMPILER_GLOBAL_ACCENT_COLOR_NAME = AccentColor;
				CODE_SIGN_STYLE = Automatic;
				CURRENT_PROJECT_VERSION = 1;
				DEVELOPMENT_TEAM = F333FWAC96;
				GENERATE_INFOPLIST_FILE = YES;
				INFOPLIST_FILE = "MovieApp-MVVM/Info.plist";
				INFOPLIST_KEY_UIApplicationSupportsIndirectInputEvents = YES;
				INFOPLIST_KEY_UILaunchStoryboardName = LaunchScreen;
				INFOPLIST_KEY_UIMainStoryboardFile = "";
				INFOPLIST_KEY_UISupportedInterfaceOrientations = UIInterfaceOrientationPortrait;
				INFOPLIST_KEY_UISupportedInterfaceOrientations_iPad = "UIInterfaceOrientationLandscapeLeft UIInterfaceOrientationLandscapeRight UIInterfaceOrientationPortrait UIInterfaceOrientationPortraitUpsideDown";
				LD_RUNPATH_SEARCH_PATHS = (
					"$(inherited)",
					"@executable_path/Frameworks",
				);
				MARKETING_VERSION = 1.0;
				PRODUCT_BUNDLE_IDENTIFIER = "com.cnmalper.MovieApp-MVVM";
				PRODUCT_NAME = "$(TARGET_NAME)";
				SWIFT_EMIT_LOC_STRINGS = YES;
				SWIFT_VERSION = 5.0;
				TARGETED_DEVICE_FAMILY = "1,2";
			};
			name = Debug;
		};
		B4385F192B6EA3D000AA5240 /* Release */ = {
			isa = XCBuildConfiguration;
			buildSettings = {
				ASSETCATALOG_COMPILER_APPICON_NAME = AppIcon;
				ASSETCATALOG_COMPILER_GLOBAL_ACCENT_COLOR_NAME = AccentColor;
				CODE_SIGN_STYLE = Automatic;
				CURRENT_PROJECT_VERSION = 1;
				DEVELOPMENT_TEAM = F333FWAC96;
				GENERATE_INFOPLIST_FILE = YES;
				INFOPLIST_FILE = "MovieApp-MVVM/Info.plist";
				INFOPLIST_KEY_UIApplicationSupportsIndirectInputEvents = YES;
				INFOPLIST_KEY_UILaunchStoryboardName = LaunchScreen;
				INFOPLIST_KEY_UIMainStoryboardFile = "";
				INFOPLIST_KEY_UISupportedInterfaceOrientations = UIInterfaceOrientationPortrait;
				INFOPLIST_KEY_UISupportedInterfaceOrientations_iPad = "UIInterfaceOrientationLandscapeLeft UIInterfaceOrientationLandscapeRight UIInterfaceOrientationPortrait UIInterfaceOrientationPortraitUpsideDown";
				LD_RUNPATH_SEARCH_PATHS = (
					"$(inherited)",
					"@executable_path/Frameworks",
				);
				MARKETING_VERSION = 1.0;
				PRODUCT_BUNDLE_IDENTIFIER = "com.cnmalper.MovieApp-MVVM";
				PRODUCT_NAME = "$(TARGET_NAME)";
				SWIFT_EMIT_LOC_STRINGS = YES;
				SWIFT_VERSION = 5.0;
				TARGETED_DEVICE_FAMILY = "1,2";
			};
			name = Release;
		};
/* End XCBuildConfiguration section */

/* Begin XCConfigurationList section */
		B4385EFE2B6EA3CF00AA5240 /* Build configuration list for PBXProject "MovieApp-MVVM" */ = {
			isa = XCConfigurationList;
			buildConfigurations = (
				B4385F152B6EA3D000AA5240 /* Debug */,
				B4385F162B6EA3D000AA5240 /* Release */,
			);
			defaultConfigurationIsVisible = 0;
			defaultConfigurationName = Release;
		};
		B4385F172B6EA3D000AA5240 /* Build configuration list for PBXNativeTarget "MovieApp-MVVM" */ = {
			isa = XCConfigurationList;
			buildConfigurations = (
				B4385F182B6EA3D000AA5240 /* Debug */,
				B4385F192B6EA3D000AA5240 /* Release */,
			);
			defaultConfigurationIsVisible = 0;
			defaultConfigurationName = Release;
		};
/* End XCConfigurationList section */
	};
	rootObject = B4385EFB2B6EA3CF00AA5240 /* Project object */;
}
